
Microsoft Visual Studio Solution File, Format Version 12.00
# Visual Studio Version 16
VisualStudioVersion = 16.0.32228.343
MinimumVisualStudioVersion = 10.0.40219.1
Project("{FAE04EC0-301F-11D3-BF4B-00C04F79EFBC}") = "PrimerJuego", "PrimerJuego.csproj", "{D5D613A0-FAAC-42F0-A9CB-AB2ECD1CFAA7}"
EndProject
Global
	GlobalSection(SolutionConfigurationPlatforms) = preSolution
		Debug|Any CPU = Debug|Any CPU
		Release|Any CPU = Release|Any CPU
	EndGlobalSection
	GlobalSection(ProjectConfigurationPlatforms) = postSolution
		{D5D613A0-FAAC-42F0-A9CB-AB2ECD1CFAA7}.Debug|Any CPU.ActiveCfg = Debug|Any CPU
		{D5D613A0-FAAC-42F0-A9CB-AB2ECD1CFAA7}.Debug|Any CPU.Build.0 = Debug|Any CPU
		{D5D613A0-FAAC-42F0-A9CB-AB2ECD1CFAA7}.Release|Any CPU.ActiveCfg = Release|Any CPU
		{D5D613A0-FAAC-42F0-A9CB-AB2ECD1CFAA7}.Release|Any CPU.Build.0 = Release|Any CPU
	EndGlobalSection
	GlobalSection(SolutionProperties) = preSolution
		HideSolutionNode = FALSE
	EndGlobalSection
	GlobalSection(ExtensibilityGlobals) = postSolution
		SolutionGuid = {83C5E34F-EAE3-4AF3-8331-B00A81DCAD1F}
	EndGlobalSection
EndGlobal
